
Microsoft Visual Studio Solution File, Format Version 12.00
# Visual Studio Version 17
VisualStudioVersion = 17.0.32112.339
MinimumVisualStudioVersion = 10.0.40219.1
Project("{FAE04EC0-301F-11D3-BF4B-00C04F79EFBC}") = "KonusarakOgren.CreateExam.Entities", "KonusarakOgren.CreateExam.Entities\KonusarakOgren.CreateExam.Entities.csproj", "{D5CFBE2C-9DBA-4235-A44D-9C7A5E05621D}"
EndProject
Project("{FAE04EC0-301F-11D3-BF4B-00C04F79EFBC}") = "KonusarakOgren.CreateExam.Data", "KonusarakOgren.CreateExam.Data\KonusarakOgren.CreateExam.Data.csproj", "{B9FAF52B-9545-49D1-AA12-F0964EB3E8F3}"
EndProject
Project("{FAE04EC0-301F-11D3-BF4B-00C04F79EFBC}") = "KonusarakOgren.CreateExam.Services", "KonusarakOgren.CreateExam.Services\KonusarakOgren.CreateExam.Services.csproj", "{DEF4B071-4606-4716-8972-4C32CE2BEDA3}"
EndProject
Project("{FAE04EC0-301F-11D3-BF4B-00C04F79EFBC}") = "KonusarakOgren.CreateExam.Shared", "KonusarakOgren.CreateExam.Shared\KonusarakOgren.CreateExam.Shared.csproj", "{E9CBF985-6A3F-4FE5-B7BC-B1DCD48C5EFC}"
EndProject
Project("{FAE04EC0-301F-11D3-BF4B-00C04F79EFBC}") = "KonusarakOgren.CreateExam.MVC", "KonusarakOgren.CreateExam.MVC\KonusarakOgren.CreateExam.MVC.csproj", "{F2F83F6E-F4F9-43C4-B5B7-57D0A6B7488D}"
EndProject
Global
	GlobalSection(SolutionConfigurationPlatforms) = preSolution
		Debug|Any CPU = Debug|Any CPU
		Release|Any CPU = Release|Any CPU
	EndGlobalSection
	GlobalSection(ProjectConfigurationPlatforms) = postSolution
		{D5CFBE2C-9DBA-4235-A44D-9C7A5E05621D}.Debug|Any CPU.ActiveCfg = Debug|Any CPU
		{D5CFBE2C-9DBA-4235-A44D-9C7A5E05621D}.Debug|Any CPU.Build.0 = Debug|Any CPU
		{D5CFBE2C-9DBA-4235-A44D-9C7A5E05621D}.Release|Any CPU.ActiveCfg = Release|Any CPU
		{D5CFBE2C-9DBA-4235-A44D-9C7A5E05621D}.Release|Any CPU.Build.0 = Release|Any CPU
		{B9FAF52B-9545-49D1-AA12-F0964EB3E8F3}.Debug|Any CPU.ActiveCfg = Debug|Any CPU
		{B9FAF52B-9545-49D1-AA12-F0964EB3E8F3}.Debug|Any CPU.Build.0 = Debug|Any CPU
		{B9FAF52B-9545-49D1-AA12-F0964EB3E8F3}.Release|Any CPU.ActiveCfg = Release|Any CPU
		{B9FAF52B-9545-49D1-AA12-F0964EB3E8F3}.Release|Any CPU.Build.0 = Release|Any CPU
		{DEF4B071-4606-4716-8972-4C32CE2BEDA3}.Debug|Any CPU.ActiveCfg = Debug|Any CPU
		{DEF4B071-4606-4716-8972-4C32CE2BEDA3}.Debug|Any CPU.Build.0 = Debug|Any CPU
		{DEF4B071-4606-4716-8972-4C32CE2BEDA3}.Release|Any CPU.ActiveCfg = Release|Any CPU
		{DEF4B071-4606-4716-8972-4C32CE2BEDA3}.Release|Any CPU.Build.0 = Release|Any CPU
		{E9CBF985-6A3F-4FE5-B7BC-B1DCD48C5EFC}.Debug|Any CPU.ActiveCfg = Debug|Any CPU
		{E9CBF985-6A3F-4FE5-B7BC-B1DCD48C5EFC}.Debug|Any CPU.Build.0 = Debug|Any CPU
		{E9CBF985-6A3F-4FE5-B7BC-B1DCD48C5EFC}.Release|Any CPU.ActiveCfg = Release|Any CPU
		{E9CBF985-6A3F-4FE5-B7BC-B1DCD48C5EFC}.Release|Any CPU.Build.0 = Release|Any CPU
		{F2F83F6E-F4F9-43C4-B5B7-57D0A6B7488D}.Debug|Any CPU.ActiveCfg = Debug|Any CPU
		{F2F83F6E-F4F9-43C4-B5B7-57D0A6B7488D}.Debug|Any CPU.Build.0 = Debug|Any CPU
		{F2F83F6E-F4F9-43C4-B5B7-57D0A6B7488D}.Release|Any CPU.ActiveCfg = Release|Any CPU
		{F2F83F6E-F4F9-43C4-B5B7-57D0A6B7488D}.Release|Any CPU.Build.0 = Release|Any CPU
	EndGlobalSection
	GlobalSection(SolutionProperties) = preSolution
		HideSolutionNode = FALSE
	EndGlobalSection
	GlobalSection(ExtensibilityGlobals) = postSolution
		SolutionGuid = {F67F8483-2DE2-440F-A531-C9866E53B22A}
	EndGlobalSection
EndGlobal
